
Microsoft Visual Studio Solution File, Format Version 10.00
# Visual C# Express 2008
Project("{FAE04EC0-301F-11D3-BF4B-00C04F79EFBC}") = "ConfigParser", "ConfigParser\ConfigParser.csproj", "{7A2374A3-842C-4A95-8DCA-2E5E011835F8}"
	ProjectSection(ProjectDependencies) = postProject
		{E5705A77-B374-4334-8FD2-86E0153A04F8} = {E5705A77-B374-4334-8FD2-86E0153A04F8}
	EndProjectSection
EndProject
Project("{FAE04EC0-301F-11D3-BF4B-00C04F79EFBC}") = "ProActiveAgent", "ProActiveAgent\ProActiveAgent.csproj", "{91B8D1E6-3204-4AC5-91A6-6CB53C0F03F2}"
EndProject
Project("{FAE04EC0-301F-11D3-BF4B-00C04F79EFBC}") = "AgentForAgent", "AgentForAgent\AgentForAgent.csproj", "{B9C37063-2787-4603-A961-EB10AEF9DEB9}"
EndProject
Project("{FAE04EC0-301F-11D3-BF4B-00C04F79EFBC}") = "ScreenSaver", "ScreenSaver\ScreenSaver.csproj", "{62176B11-E98A-40D9-8BE7-AB5464A395D8}"
EndProject
Project("{FAE04EC0-301F-11D3-BF4B-00C04F79EFBC}") = "AgentFirstSetup", "AgentFirstSetup\AgentFirstSetup.csproj", "{AF23E8C6-383B-415B-99B4-DA1479626092}"
	ProjectSection(ProjectDependencies) = postProject
		{91B8D1E6-3204-4AC5-91A6-6CB53C0F03F2} = {91B8D1E6-3204-4AC5-91A6-6CB53C0F03F2}
	EndProjectSection
EndProject
Project("{FAE04EC0-301F-11D3-BF4B-00C04F79EFBC}") = "ConfigParserOLD", "ConfigParserOLD\ConfigParserOLD.csproj", "{E5705A77-B374-4334-8FD2-86E0153A04F8}"
EndProject
Global
	GlobalSection(SolutionConfigurationPlatforms) = preSolution
		Debug|Any CPU = Debug|Any CPU
		Debug|x86 = Debug|x86
		Release|Any CPU = Release|Any CPU
		Release|x86 = Release|x86
	EndGlobalSection
	GlobalSection(ProjectConfigurationPlatforms) = postSolution
		{7A2374A3-842C-4A95-8DCA-2E5E011835F8}.Debug|Any CPU.ActiveCfg = Debug|Any CPU
		{7A2374A3-842C-4A95-8DCA-2E5E011835F8}.Debug|Any CPU.Build.0 = Debug|Any CPU
		{7A2374A3-842C-4A95-8DCA-2E5E011835F8}.Debug|x86.ActiveCfg = Debug|x86
		{7A2374A3-842C-4A95-8DCA-2E5E011835F8}.Debug|x86.Build.0 = Debug|x86
		{7A2374A3-842C-4A95-8DCA-2E5E011835F8}.Release|Any CPU.ActiveCfg = Release|Any CPU
		{7A2374A3-842C-4A95-8DCA-2E5E011835F8}.Release|Any CPU.Build.0 = Release|Any CPU
		{7A2374A3-842C-4A95-8DCA-2E5E011835F8}.Release|x86.ActiveCfg = Release|x86
		{7A2374A3-842C-4A95-8DCA-2E5E011835F8}.Release|x86.Build.0 = Release|x86
		{91B8D1E6-3204-4AC5-91A6-6CB53C0F03F2}.Debug|Any CPU.ActiveCfg = Debug|Any CPU
		{91B8D1E6-3204-4AC5-91A6-6CB53C0F03F2}.Debug|Any CPU.Build.0 = Debug|Any CPU
		{91B8D1E6-3204-4AC5-91A6-6CB53C0F03F2}.Debug|x86.ActiveCfg = Debug|x86
		{91B8D1E6-3204-4AC5-91A6-6CB53C0F03F2}.Debug|x86.Build.0 = Debug|x86
		{91B8D1E6-3204-4AC5-91A6-6CB53C0F03F2}.Release|Any CPU.ActiveCfg = Release|Any CPU
		{91B8D1E6-3204-4AC5-91A6-6CB53C0F03F2}.Release|Any CPU.Build.0 = Release|Any CPU
		{91B8D1E6-3204-4AC5-91A6-6CB53C0F03F2}.Release|x86.ActiveCfg = Release|x86
		{91B8D1E6-3204-4AC5-91A6-6CB53C0F03F2}.Release|x86.Build.0 = Release|x86
		{B9C37063-2787-4603-A961-EB10AEF9DEB9}.Debug|Any CPU.ActiveCfg = Debug|Any CPU
		{B9C37063-2787-4603-A961-EB10AEF9DEB9}.Debug|Any CPU.Build.0 = Debug|Any CPU
		{B9C37063-2787-4603-A961-EB10AEF9DEB9}.Debug|x86.ActiveCfg = Debug|x86
		{B9C37063-2787-4603-A961-EB10AEF9DEB9}.Debug|x86.Build.0 = Debug|x86
		{B9C37063-2787-4603-A961-EB10AEF9DEB9}.Release|Any CPU.ActiveCfg = Release|Any CPU
		{B9C37063-2787-4603-A961-EB10AEF9DEB9}.Release|Any CPU.Build.0 = Release|Any CPU
		{B9C37063-2787-4603-A961-EB10AEF9DEB9}.Release|x86.ActiveCfg = Release|x86
		{B9C37063-2787-4603-A961-EB10AEF9DEB9}.Release|x86.Build.0 = Release|x86
		{62176B11-E98A-40D9-8BE7-AB5464A395D8}.Debug|Any CPU.ActiveCfg = Debug|Any CPU
		{62176B11-E98A-40D9-8BE7-AB5464A395D8}.Debug|Any CPU.Build.0 = Debug|Any CPU
		{62176B11-E98A-40D9-8BE7-AB5464A395D8}.Debug|x86.ActiveCfg = Debug|x86
		{62176B11-E98A-40D9-8BE7-AB5464A395D8}.Debug|x86.Build.0 = Debug|x86
		{62176B11-E98A-40D9-8BE7-AB5464A395D8}.Release|Any CPU.ActiveCfg = Release|Any CPU
		{62176B11-E98A-40D9-8BE7-AB5464A395D8}.Release|Any CPU.Build.0 = Release|Any CPU
		{62176B11-E98A-40D9-8BE7-AB5464A395D8}.Release|x86.ActiveCfg = Release|x86
		{62176B11-E98A-40D9-8BE7-AB5464A395D8}.Release|x86.Build.0 = Release|x86
		{AF23E8C6-383B-415B-99B4-DA1479626092}.Debug|Any CPU.ActiveCfg = Debug|Any CPU
		{AF23E8C6-383B-415B-99B4-DA1479626092}.Debug|Any CPU.Build.0 = Debug|Any CPU
		{AF23E8C6-383B-415B-99B4-DA1479626092}.Debug|x86.ActiveCfg = Debug|x86
		{AF23E8C6-383B-415B-99B4-DA1479626092}.Debug|x86.Build.0 = Debug|x86
		{AF23E8C6-383B-415B-99B4-DA1479626092}.Release|Any CPU.ActiveCfg = Release|Any CPU
		{AF23E8C6-383B-415B-99B4-DA1479626092}.Release|Any CPU.Build.0 = Release|Any CPU
		{AF23E8C6-383B-415B-99B4-DA1479626092}.Release|x86.ActiveCfg = Release|x86
		{AF23E8C6-383B-415B-99B4-DA1479626092}.Release|x86.Build.0 = Release|x86
		{E5705A77-B374-4334-8FD2-86E0153A04F8}.Debug|Any CPU.ActiveCfg = Debug|Any CPU
		{E5705A77-B374-4334-8FD2-86E0153A04F8}.Debug|Any CPU.Build.0 = Debug|Any CPU
		{E5705A77-B374-4334-8FD2-86E0153A04F8}.Debug|x86.ActiveCfg = Debug|Any CPU
		{E5705A77-B374-4334-8FD2-86E0153A04F8}.Release|Any CPU.ActiveCfg = Release|Any CPU
		{E5705A77-B374-4334-8FD2-86E0153A04F8}.Release|Any CPU.Build.0 = Release|Any CPU
		{E5705A77-B374-4334-8FD2-86E0153A04F8}.Release|x86.ActiveCfg = Release|Any CPU
	EndGlobalSection
	GlobalSection(SolutionProperties) = preSolution
		HideSolutionNode = FALSE
	EndGlobalSection
EndGlobal
