
Microsoft Visual Studio Solution File, Format Version 12.00
# Visual Studio 15
VisualStudioVersion = 15.0.27428.1
MinimumVisualStudioVersion = 10.0.40219.1
Project("{FAE04EC0-301F-11D3-BF4B-00C04F79EFBC}") = "ConfigParser", "ConfigParser\ConfigParser.csproj", "{7A2374A3-842C-4A95-8DCA-2E5E011835F8}"
EndProject
Project("{FAE04EC0-301F-11D3-BF4B-00C04F79EFBC}") = "ProActiveAgent", "ProActiveAgent\ProActiveAgent.csproj", "{91B8D1E6-3204-4AC5-91A6-6CB53C0F03F2}"
EndProject
Project("{FAE04EC0-301F-11D3-BF4B-00C04F79EFBC}") = "AgentForAgent", "AgentForAgent\AgentForAgent.csproj", "{B9C37063-2787-4603-A961-EB10AEF9DEB9}"
EndProject
Project("{FAE04EC0-301F-11D3-BF4B-00C04F79EFBC}") = "ScreenSaver", "ScreenSaver\ScreenSaver.csproj", "{62176B11-E98A-40D9-8BE7-AB5464A395D8}"
EndProject
Project("{8BC9CEB8-8B4A-11D0-8D11-00A0C91BC942}") = "pacrypt", "utils\pacrypt\pacrypt.vcxproj", "{6DFC8EB3-F1B4-4543-8B11-DD4BA5F18163}"
EndProject
Project("{8BC9CEB8-8B4A-11D0-8D11-00A0C91BC942}") = "parunas", "utils\parunas\parunas\parunas.vcxproj", "{2D2C2C24-C462-4F7C-A3A6-1247235F672F}"
	ProjectSection(ProjectDependencies) = postProject
		{6DFC8EB3-F1B4-4543-8B11-DD4BA5F18163} = {6DFC8EB3-F1B4-4543-8B11-DD4BA5F18163}
	EndProjectSection
EndProject
Global
	GlobalSection(SolutionConfigurationPlatforms) = preSolution
		Debug|Any CPU = Debug|Any CPU
		Debug|Mixed Platforms = Debug|Mixed Platforms
		Debug|Win32 = Debug|Win32
		Debug|x86 = Debug|x86
		Release|Any CPU = Release|Any CPU
		Release|Mixed Platforms = Release|Mixed Platforms
		Release|Win32 = Release|Win32
		Release|x86 = Release|x86
	EndGlobalSection
	GlobalSection(ProjectConfigurationPlatforms) = postSolution
		{7A2374A3-842C-4A95-8DCA-2E5E011835F8}.Debug|Any CPU.ActiveCfg = Debug|Any CPU
		{7A2374A3-842C-4A95-8DCA-2E5E011835F8}.Debug|Any CPU.Build.0 = Debug|Any CPU
		{7A2374A3-842C-4A95-8DCA-2E5E011835F8}.Debug|Mixed Platforms.ActiveCfg = Debug|x86
		{7A2374A3-842C-4A95-8DCA-2E5E011835F8}.Debug|Mixed Platforms.Build.0 = Debug|x86
		{7A2374A3-842C-4A95-8DCA-2E5E011835F8}.Debug|Win32.ActiveCfg = Debug|x86
		{7A2374A3-842C-4A95-8DCA-2E5E011835F8}.Debug|x86.ActiveCfg = Debug|x86
		{7A2374A3-842C-4A95-8DCA-2E5E011835F8}.Debug|x86.Build.0 = Debug|x86
		{7A2374A3-842C-4A95-8DCA-2E5E011835F8}.Release|Any CPU.ActiveCfg = Release|Any CPU
		{7A2374A3-842C-4A95-8DCA-2E5E011835F8}.Release|Any CPU.Build.0 = Release|Any CPU
		{7A2374A3-842C-4A95-8DCA-2E5E011835F8}.Release|Mixed Platforms.ActiveCfg = Release|x86
		{7A2374A3-842C-4A95-8DCA-2E5E011835F8}.Release|Mixed Platforms.Build.0 = Release|x86
		{7A2374A3-842C-4A95-8DCA-2E5E011835F8}.Release|Win32.ActiveCfg = Release|x86
		{7A2374A3-842C-4A95-8DCA-2E5E011835F8}.Release|Win32.Build.0 = Release|x86
		{7A2374A3-842C-4A95-8DCA-2E5E011835F8}.Release|x86.ActiveCfg = Release|x86
		{7A2374A3-842C-4A95-8DCA-2E5E011835F8}.Release|x86.Build.0 = Release|x86
		{91B8D1E6-3204-4AC5-91A6-6CB53C0F03F2}.Debug|Any CPU.ActiveCfg = Debug|Any CPU
		{91B8D1E6-3204-4AC5-91A6-6CB53C0F03F2}.Debug|Any CPU.Build.0 = Debug|Any CPU
		{91B8D1E6-3204-4AC5-91A6-6CB53C0F03F2}.Debug|Mixed Platforms.ActiveCfg = Debug|x86
		{91B8D1E6-3204-4AC5-91A6-6CB53C0F03F2}.Debug|Mixed Platforms.Build.0 = Debug|x86
		{91B8D1E6-3204-4AC5-91A6-6CB53C0F03F2}.Debug|Win32.ActiveCfg = Debug|x86
		{91B8D1E6-3204-4AC5-91A6-6CB53C0F03F2}.Debug|x86.ActiveCfg = Debug|x86
		{91B8D1E6-3204-4AC5-91A6-6CB53C0F03F2}.Debug|x86.Build.0 = Debug|x86
		{91B8D1E6-3204-4AC5-91A6-6CB53C0F03F2}.Release|Any CPU.ActiveCfg = Release|Any CPU
		{91B8D1E6-3204-4AC5-91A6-6CB53C0F03F2}.Release|Any CPU.Build.0 = Release|Any CPU
		{91B8D1E6-3204-4AC5-91A6-6CB53C0F03F2}.Release|Mixed Platforms.ActiveCfg = Release|x86
		{91B8D1E6-3204-4AC5-91A6-6CB53C0F03F2}.Release|Mixed Platforms.Build.0 = Release|x86
		{91B8D1E6-3204-4AC5-91A6-6CB53C0F03F2}.Release|Win32.ActiveCfg = Release|x86
		{91B8D1E6-3204-4AC5-91A6-6CB53C0F03F2}.Release|Win32.Build.0 = Release|x86
		{91B8D1E6-3204-4AC5-91A6-6CB53C0F03F2}.Release|x86.ActiveCfg = Release|x86
		{91B8D1E6-3204-4AC5-91A6-6CB53C0F03F2}.Release|x86.Build.0 = Release|x86
		{B9C37063-2787-4603-A961-EB10AEF9DEB9}.Debug|Any CPU.ActiveCfg = Debug|Any CPU
		{B9C37063-2787-4603-A961-EB10AEF9DEB9}.Debug|Any CPU.Build.0 = Debug|Any CPU
		{B9C37063-2787-4603-A961-EB10AEF9DEB9}.Debug|Mixed Platforms.ActiveCfg = Debug|x86
		{B9C37063-2787-4603-A961-EB10AEF9DEB9}.Debug|Mixed Platforms.Build.0 = Debug|x86
		{B9C37063-2787-4603-A961-EB10AEF9DEB9}.Debug|Win32.ActiveCfg = Debug|x86
		{B9C37063-2787-4603-A961-EB10AEF9DEB9}.Debug|x86.ActiveCfg = Debug|x86
		{B9C37063-2787-4603-A961-EB10AEF9DEB9}.Debug|x86.Build.0 = Debug|x86
		{B9C37063-2787-4603-A961-EB10AEF9DEB9}.Release|Any CPU.ActiveCfg = Release|Any CPU
		{B9C37063-2787-4603-A961-EB10AEF9DEB9}.Release|Any CPU.Build.0 = Release|Any CPU
		{B9C37063-2787-4603-A961-EB10AEF9DEB9}.Release|Mixed Platforms.ActiveCfg = Release|x86
		{B9C37063-2787-4603-A961-EB10AEF9DEB9}.Release|Mixed Platforms.Build.0 = Release|x86
		{B9C37063-2787-4603-A961-EB10AEF9DEB9}.Release|Win32.ActiveCfg = Release|x86
		{B9C37063-2787-4603-A961-EB10AEF9DEB9}.Release|Win32.Build.0 = Release|x86
		{B9C37063-2787-4603-A961-EB10AEF9DEB9}.Release|x86.ActiveCfg = Release|x86
		{B9C37063-2787-4603-A961-EB10AEF9DEB9}.Release|x86.Build.0 = Release|x86
		{62176B11-E98A-40D9-8BE7-AB5464A395D8}.Debug|Any CPU.ActiveCfg = Debug|Any CPU
		{62176B11-E98A-40D9-8BE7-AB5464A395D8}.Debug|Any CPU.Build.0 = Debug|Any CPU
		{62176B11-E98A-40D9-8BE7-AB5464A395D8}.Debug|Mixed Platforms.ActiveCfg = Debug|x86
		{62176B11-E98A-40D9-8BE7-AB5464A395D8}.Debug|Mixed Platforms.Build.0 = Debug|x86
		{62176B11-E98A-40D9-8BE7-AB5464A395D8}.Debug|Win32.ActiveCfg = Debug|x86
		{62176B11-E98A-40D9-8BE7-AB5464A395D8}.Debug|x86.ActiveCfg = Debug|x86
		{62176B11-E98A-40D9-8BE7-AB5464A395D8}.Debug|x86.Build.0 = Debug|x86
		{62176B11-E98A-40D9-8BE7-AB5464A395D8}.Release|Any CPU.ActiveCfg = Release|Any CPU
		{62176B11-E98A-40D9-8BE7-AB5464A395D8}.Release|Any CPU.Build.0 = Release|Any CPU
		{62176B11-E98A-40D9-8BE7-AB5464A395D8}.Release|Mixed Platforms.ActiveCfg = Release|x86
		{62176B11-E98A-40D9-8BE7-AB5464A395D8}.Release|Mixed Platforms.Build.0 = Release|x86
		{62176B11-E98A-40D9-8BE7-AB5464A395D8}.Release|Win32.ActiveCfg = Release|x86
		{62176B11-E98A-40D9-8BE7-AB5464A395D8}.Release|Win32.Build.0 = Release|x86
		{62176B11-E98A-40D9-8BE7-AB5464A395D8}.Release|x86.ActiveCfg = Release|x86
		{62176B11-E98A-40D9-8BE7-AB5464A395D8}.Release|x86.Build.0 = Release|x86
		{6DFC8EB3-F1B4-4543-8B11-DD4BA5F18163}.Debug|Any CPU.ActiveCfg = Debug|Win32
		{6DFC8EB3-F1B4-4543-8B11-DD4BA5F18163}.Debug|Mixed Platforms.ActiveCfg = Debug|Win32
		{6DFC8EB3-F1B4-4543-8B11-DD4BA5F18163}.Debug|Mixed Platforms.Build.0 = Debug|Win32
		{6DFC8EB3-F1B4-4543-8B11-DD4BA5F18163}.Debug|Win32.ActiveCfg = Debug|Win32
		{6DFC8EB3-F1B4-4543-8B11-DD4BA5F18163}.Debug|Win32.Build.0 = Debug|Win32
		{6DFC8EB3-F1B4-4543-8B11-DD4BA5F18163}.Debug|x86.ActiveCfg = Debug|Win32
		{6DFC8EB3-F1B4-4543-8B11-DD4BA5F18163}.Release|Any CPU.ActiveCfg = Release|Win32
		{6DFC8EB3-F1B4-4543-8B11-DD4BA5F18163}.Release|Any CPU.Build.0 = Release|Win32
		{6DFC8EB3-F1B4-4543-8B11-DD4BA5F18163}.Release|Mixed Platforms.ActiveCfg = Release|Win32
		{6DFC8EB3-F1B4-4543-8B11-DD4BA5F18163}.Release|Mixed Platforms.Build.0 = Release|Win32
		{6DFC8EB3-F1B4-4543-8B11-DD4BA5F18163}.Release|Win32.ActiveCfg = Release|Win32
		{6DFC8EB3-F1B4-4543-8B11-DD4BA5F18163}.Release|Win32.Build.0 = Release|Win32
		{6DFC8EB3-F1B4-4543-8B11-DD4BA5F18163}.Release|x86.ActiveCfg = Release|Win32
		{6DFC8EB3-F1B4-4543-8B11-DD4BA5F18163}.Release|x86.Build.0 = Release|Win32
		{2D2C2C24-C462-4F7C-A3A6-1247235F672F}.Debug|Any CPU.ActiveCfg = Debug|Win32
		{2D2C2C24-C462-4F7C-A3A6-1247235F672F}.Debug|Mixed Platforms.ActiveCfg = Debug|Win32
		{2D2C2C24-C462-4F7C-A3A6-1247235F672F}.Debug|Mixed Platforms.Build.0 = Debug|Win32
		{2D2C2C24-C462-4F7C-A3A6-1247235F672F}.Debug|Win32.ActiveCfg = Debug|Win32
		{2D2C2C24-C462-4F7C-A3A6-1247235F672F}.Debug|Win32.Build.0 = Debug|Win32
		{2D2C2C24-C462-4F7C-A3A6-1247235F672F}.Debug|x86.ActiveCfg = Debug|Win32
		{2D2C2C24-C462-4F7C-A3A6-1247235F672F}.Release|Any CPU.ActiveCfg = Release|Win32
		{2D2C2C24-C462-4F7C-A3A6-1247235F672F}.Release|Any CPU.Build.0 = Release|Win32
		{2D2C2C24-C462-4F7C-A3A6-1247235F672F}.Release|Mixed Platforms.ActiveCfg = Release|Win32
		{2D2C2C24-C462-4F7C-A3A6-1247235F672F}.Release|Mixed Platforms.Build.0 = Release|Win32
		{2D2C2C24-C462-4F7C-A3A6-1247235F672F}.Release|Win32.ActiveCfg = Release|Win32
		{2D2C2C24-C462-4F7C-A3A6-1247235F672F}.Release|Win32.Build.0 = Release|Win32
		{2D2C2C24-C462-4F7C-A3A6-1247235F672F}.Release|x86.ActiveCfg = Release|Win32
		{2D2C2C24-C462-4F7C-A3A6-1247235F672F}.Release|x86.Build.0 = Release|Win32
	EndGlobalSection
	GlobalSection(SolutionProperties) = preSolution
		HideSolutionNode = FALSE
	EndGlobalSection
	GlobalSection(ExtensibilityGlobals) = postSolution
		SolutionGuid = {685D240F-561C-44B8-98AE-68EF9979A325}
	EndGlobalSection
EndGlobal
