Microsoft Visual Studio Solution File, Format Version 10.00
# Visual C++ Express 2008
Project("{8BC9CEB8-8B4A-11D0-8D11-00A0C91BC942}") = "hungtest", "hungtest\hungtest.vcproj", "{D636856A-7EE3-44E2-BD63-EBDD6DDE8110}"
EndProject
Project("{8BC9CEB8-8B4A-11D0-8D11-00A0C91BC942}") = "nttask16", "nttask16\nttask16.vcproj", "{D58E827E-17C5-41E9-A730-88B3D704C839}"
EndProject
Project("{8BC9CEB8-8B4A-11D0-8D11-00A0C91BC942}") = "pkill", "pkill\pkill.vcproj", "{CA738347-9169-4997-8466-D74634D04C25}"
EndProject
Project("{8BC9CEB8-8B4A-11D0-8D11-00A0C91BC942}") = "pview", "pview\pview.vcproj", "{874E779B-DCD7-44B8-B637-5E90B2B2D39D}"
EndProject
Global
	GlobalSection(SolutionConfigurationPlatforms) = preSolution
		Debug|Win32 = Debug|Win32
		Release|Win32 = Release|Win32
	EndGlobalSection
	GlobalSection(ProjectConfigurationPlatforms) = postSolution
		{D636856A-7EE3-44E2-BD63-EBDD6DDE8110}.Debug|Win32.ActiveCfg = Debug|Win32
		{D636856A-7EE3-44E2-BD63-EBDD6DDE8110}.Debug|Win32.Build.0 = Debug|Win32
		{D636856A-7EE3-44E2-BD63-EBDD6DDE8110}.Release|Win32.ActiveCfg = Release|Win32
		{D636856A-7EE3-44E2-BD63-EBDD6DDE8110}.Release|Win32.Build.0 = Release|Win32
		{D58E827E-17C5-41E9-A730-88B3D704C839}.Debug|Win32.ActiveCfg = Debug|Win32
		{D58E827E-17C5-41E9-A730-88B3D704C839}.Debug|Win32.Build.0 = Debug|Win32
		{D58E827E-17C5-41E9-A730-88B3D704C839}.Release|Win32.ActiveCfg = Release|Win32
		{D58E827E-17C5-41E9-A730-88B3D704C839}.Release|Win32.Build.0 = Release|Win32
		{CA738347-9169-4997-8466-D74634D04C25}.Debug|Win32.ActiveCfg = Release|Win32
		{CA738347-9169-4997-8466-D74634D04C25}.Debug|Win32.Build.0 = Release|Win32
		{CA738347-9169-4997-8466-D74634D04C25}.Release|Win32.ActiveCfg = Release|Win32
		{CA738347-9169-4997-8466-D74634D04C25}.Release|Win32.Build.0 = Release|Win32
		{874E779B-DCD7-44B8-B637-5E90B2B2D39D}.Debug|Win32.ActiveCfg = Debug|Win32
		{874E779B-DCD7-44B8-B637-5E90B2B2D39D}.Debug|Win32.Build.0 = Debug|Win32
		{874E779B-DCD7-44B8-B637-5E90B2B2D39D}.Release|Win32.ActiveCfg = Release|Win32
		{874E779B-DCD7-44B8-B637-5E90B2B2D39D}.Release|Win32.Build.0 = Release|Win32
	EndGlobalSection
	GlobalSection(SolutionProperties) = preSolution
		HideSolutionNode = FALSE
	EndGlobalSection
EndGlobal
